
Microsoft Visual Studio Solution File, Format Version 12.00
# Visual Studio 2013
VisualStudioVersion = 12.0.30501.0
MinimumVisualStudioVersion = 10.0.40219.1
Project("{00D1A9C2-B5F0-4AF3-8072-F6C62B433612}") = "RefreshDB.Database.Schema", "RefreshDB.Database.Schema\RefreshDB.Database.Schema.sqlproj", "{E97EFEB2-10AC-45ED-8A12-D92C64E540F7}"
EndProject
Project("{FAE04EC0-301F-11D3-BF4B-00C04F79EFBC}") = "RefreshDB.Database.Framework", "RefreshDB.Database.Framework\RefreshDB.Database.Framework.csproj", "{51E5E69D-87A2-4B6C-AF54-4D48CA0DC37F}"
	ProjectSection(ProjectDependencies) = postProject
		{E97EFEB2-10AC-45ED-8A12-D92C64E540F7} = {E97EFEB2-10AC-45ED-8A12-D92C64E540F7}
	EndProjectSection
EndProject
Project("{2150E333-8FDC-42A3-9474-1A3956D46DE8}") = "1.RefreshDB.Database.Schema", "1.RefreshDB.Database.Schema", "{8EDF52D3-0F7D-46A9-81EF-C5E53FABD53F}"
EndProject
Project("{2150E333-8FDC-42A3-9474-1A3956D46DE8}") = "2.RefreshDB.Database.Framework", "2.RefreshDB.Database.Framework", "{05F01498-8573-4C53-90FB-D539DE79FEA4}"
EndProject
Project("{2150E333-8FDC-42A3-9474-1A3956D46DE8}") = "3.RefreshDB.WebAPI.Backend", "3.RefreshDB.WebAPI.Backend", "{185E4753-CF6C-4FFE-9A02-7F43174FD6D3}"
EndProject
Project("{2150E333-8FDC-42A3-9474-1A3956D46DE8}") = "4.RefreshDB.WebAPI.Frontend", "4.RefreshDB.WebAPI.Frontend", "{58073CA2-738B-4F00-ABDB-1CADF23A2221}"
EndProject
Project("{FAE04EC0-301F-11D3-BF4B-00C04F79EFBC}") = "RefreshDB.WebAPI.Backend", "RefreshDB.WebAPI.Backend\RefreshDB.WebAPI.Backend.csproj", "{51FA62C0-76E8-406E-A7B0-40CC9C0204C2}"
EndProject
Project("{2150E333-8FDC-42A3-9474-1A3956D46DE8}") = "0.SolutionItems", "0.SolutionItems", "{06EE6D37-ED37-4061-B146-A25A832D8A23}"
	ProjectSection(SolutionItems) = preProject
		DacVersionFromAssembly.targets = DacVersionFromAssembly.targets
		Issues.txt = Issues.txt
	EndProjectSection
EndProject
Project("{2150E333-8FDC-42A3-9474-1A3956D46DE8}") = "5.RefreshDB.Installer", "5.RefreshDB.Installer", "{0E9C5971-EF76-4BA9-A294-2118DD318E41}"
EndProject
Project("{930C7802-8A8C-48F9-8165-68863BCCD9DD}") = "RefreshDB.Installer", "RefreshDB.Installer\RefreshDB.Installer.wixproj", "{7A818DA8-5765-4CF5-82CF-C3C425925B2A}"
EndProject
Project("{FAE04EC0-301F-11D3-BF4B-00C04F79EFBC}") = "SolutionsItems", "SolutionsItems\SolutionsItems.csproj", "{37AE5823-FF25-4FE1-9ABF-8B808B0AEE77}"
EndProject
Global
	GlobalSection(SolutionConfigurationPlatforms) = preSolution
		Debug|Any CPU = Debug|Any CPU
		Debug|Mixed Platforms = Debug|Mixed Platforms
		Debug|x86 = Debug|x86
		Release|Any CPU = Release|Any CPU
		Release|Mixed Platforms = Release|Mixed Platforms
		Release|x86 = Release|x86
	EndGlobalSection
	GlobalSection(ProjectConfigurationPlatforms) = postSolution
		{E97EFEB2-10AC-45ED-8A12-D92C64E540F7}.Debug|Any CPU.ActiveCfg = Debug|Any CPU
		{E97EFEB2-10AC-45ED-8A12-D92C64E540F7}.Debug|Any CPU.Build.0 = Debug|Any CPU
		{E97EFEB2-10AC-45ED-8A12-D92C64E540F7}.Debug|Any CPU.Deploy.0 = Debug|Any CPU
		{E97EFEB2-10AC-45ED-8A12-D92C64E540F7}.Debug|Mixed Platforms.ActiveCfg = Debug|Any CPU
		{E97EFEB2-10AC-45ED-8A12-D92C64E540F7}.Debug|Mixed Platforms.Build.0 = Debug|Any CPU
		{E97EFEB2-10AC-45ED-8A12-D92C64E540F7}.Debug|Mixed Platforms.Deploy.0 = Debug|Any CPU
		{E97EFEB2-10AC-45ED-8A12-D92C64E540F7}.Debug|x86.ActiveCfg = Debug|Any CPU
		{E97EFEB2-10AC-45ED-8A12-D92C64E540F7}.Release|Any CPU.ActiveCfg = Release|Any CPU
		{E97EFEB2-10AC-45ED-8A12-D92C64E540F7}.Release|Any CPU.Build.0 = Release|Any CPU
		{E97EFEB2-10AC-45ED-8A12-D92C64E540F7}.Release|Any CPU.Deploy.0 = Release|Any CPU
		{E97EFEB2-10AC-45ED-8A12-D92C64E540F7}.Release|Mixed Platforms.ActiveCfg = Release|Any CPU
		{E97EFEB2-10AC-45ED-8A12-D92C64E540F7}.Release|Mixed Platforms.Build.0 = Release|Any CPU
		{E97EFEB2-10AC-45ED-8A12-D92C64E540F7}.Release|Mixed Platforms.Deploy.0 = Release|Any CPU
		{E97EFEB2-10AC-45ED-8A12-D92C64E540F7}.Release|x86.ActiveCfg = Release|Any CPU
		{51E5E69D-87A2-4B6C-AF54-4D48CA0DC37F}.Debug|Any CPU.ActiveCfg = Debug|Any CPU
		{51E5E69D-87A2-4B6C-AF54-4D48CA0DC37F}.Debug|Any CPU.Build.0 = Debug|Any CPU
		{51E5E69D-87A2-4B6C-AF54-4D48CA0DC37F}.Debug|Mixed Platforms.ActiveCfg = Debug|Any CPU
		{51E5E69D-87A2-4B6C-AF54-4D48CA0DC37F}.Debug|Mixed Platforms.Build.0 = Debug|Any CPU
		{51E5E69D-87A2-4B6C-AF54-4D48CA0DC37F}.Debug|x86.ActiveCfg = Debug|Any CPU
		{51E5E69D-87A2-4B6C-AF54-4D48CA0DC37F}.Release|Any CPU.ActiveCfg = Release|Any CPU
		{51E5E69D-87A2-4B6C-AF54-4D48CA0DC37F}.Release|Any CPU.Build.0 = Release|Any CPU
		{51E5E69D-87A2-4B6C-AF54-4D48CA0DC37F}.Release|Mixed Platforms.ActiveCfg = Release|Any CPU
		{51E5E69D-87A2-4B6C-AF54-4D48CA0DC37F}.Release|Mixed Platforms.Build.0 = Release|Any CPU
		{51E5E69D-87A2-4B6C-AF54-4D48CA0DC37F}.Release|x86.ActiveCfg = Release|Any CPU
		{51FA62C0-76E8-406E-A7B0-40CC9C0204C2}.Debug|Any CPU.ActiveCfg = Debug|Any CPU
		{51FA62C0-76E8-406E-A7B0-40CC9C0204C2}.Debug|Any CPU.Build.0 = Debug|Any CPU
		{51FA62C0-76E8-406E-A7B0-40CC9C0204C2}.Debug|Mixed Platforms.ActiveCfg = Debug|Any CPU
		{51FA62C0-76E8-406E-A7B0-40CC9C0204C2}.Debug|Mixed Platforms.Build.0 = Debug|Any CPU
		{51FA62C0-76E8-406E-A7B0-40CC9C0204C2}.Debug|x86.ActiveCfg = Debug|Any CPU
		{51FA62C0-76E8-406E-A7B0-40CC9C0204C2}.Release|Any CPU.ActiveCfg = Release|Any CPU
		{51FA62C0-76E8-406E-A7B0-40CC9C0204C2}.Release|Any CPU.Build.0 = Release|Any CPU
		{51FA62C0-76E8-406E-A7B0-40CC9C0204C2}.Release|Mixed Platforms.ActiveCfg = Release|Any CPU
		{51FA62C0-76E8-406E-A7B0-40CC9C0204C2}.Release|Mixed Platforms.Build.0 = Release|Any CPU
		{51FA62C0-76E8-406E-A7B0-40CC9C0204C2}.Release|x86.ActiveCfg = Release|Any CPU
		{7A818DA8-5765-4CF5-82CF-C3C425925B2A}.Debug|Any CPU.ActiveCfg = Debug|x86
		{7A818DA8-5765-4CF5-82CF-C3C425925B2A}.Debug|Mixed Platforms.ActiveCfg = Debug|x86
		{7A818DA8-5765-4CF5-82CF-C3C425925B2A}.Debug|Mixed Platforms.Build.0 = Debug|x86
		{7A818DA8-5765-4CF5-82CF-C3C425925B2A}.Debug|x86.ActiveCfg = Debug|x86
		{7A818DA8-5765-4CF5-82CF-C3C425925B2A}.Debug|x86.Build.0 = Debug|x86
		{7A818DA8-5765-4CF5-82CF-C3C425925B2A}.Release|Any CPU.ActiveCfg = Release|x86
		{7A818DA8-5765-4CF5-82CF-C3C425925B2A}.Release|Mixed Platforms.ActiveCfg = Release|x86
		{7A818DA8-5765-4CF5-82CF-C3C425925B2A}.Release|Mixed Platforms.Build.0 = Release|x86
		{7A818DA8-5765-4CF5-82CF-C3C425925B2A}.Release|x86.ActiveCfg = Release|x86
		{7A818DA8-5765-4CF5-82CF-C3C425925B2A}.Release|x86.Build.0 = Release|x86
		{37AE5823-FF25-4FE1-9ABF-8B808B0AEE77}.Debug|Any CPU.ActiveCfg = Debug|Any CPU
		{37AE5823-FF25-4FE1-9ABF-8B808B0AEE77}.Debug|Any CPU.Build.0 = Debug|Any CPU
		{37AE5823-FF25-4FE1-9ABF-8B808B0AEE77}.Debug|Mixed Platforms.ActiveCfg = Debug|Any CPU
		{37AE5823-FF25-4FE1-9ABF-8B808B0AEE77}.Debug|Mixed Platforms.Build.0 = Debug|Any CPU
		{37AE5823-FF25-4FE1-9ABF-8B808B0AEE77}.Debug|x86.ActiveCfg = Debug|Any CPU
		{37AE5823-FF25-4FE1-9ABF-8B808B0AEE77}.Release|Any CPU.ActiveCfg = Release|Any CPU
		{37AE5823-FF25-4FE1-9ABF-8B808B0AEE77}.Release|Any CPU.Build.0 = Release|Any CPU
		{37AE5823-FF25-4FE1-9ABF-8B808B0AEE77}.Release|Mixed Platforms.ActiveCfg = Release|Any CPU
		{37AE5823-FF25-4FE1-9ABF-8B808B0AEE77}.Release|Mixed Platforms.Build.0 = Release|Any CPU
		{37AE5823-FF25-4FE1-9ABF-8B808B0AEE77}.Release|x86.ActiveCfg = Release|Any CPU
	EndGlobalSection
	GlobalSection(SolutionProperties) = preSolution
		HideSolutionNode = FALSE
	EndGlobalSection
	GlobalSection(NestedProjects) = preSolution
		{E97EFEB2-10AC-45ED-8A12-D92C64E540F7} = {8EDF52D3-0F7D-46A9-81EF-C5E53FABD53F}
		{51E5E69D-87A2-4B6C-AF54-4D48CA0DC37F} = {05F01498-8573-4C53-90FB-D539DE79FEA4}
		{51FA62C0-76E8-406E-A7B0-40CC9C0204C2} = {185E4753-CF6C-4FFE-9A02-7F43174FD6D3}
		{7A818DA8-5765-4CF5-82CF-C3C425925B2A} = {0E9C5971-EF76-4BA9-A294-2118DD318E41}
		{37AE5823-FF25-4FE1-9ABF-8B808B0AEE77} = {06EE6D37-ED37-4061-B146-A25A832D8A23}
	EndGlobalSection
EndGlobal
